// !$*UTF8*$!
{
	archiveVersion = 1;
	classes = {
	};
	objectVersion = 50;
	objects = {

/* Begin PBXBuildFile section */
		B2875EC118DE17EED0EDFB4F /* Pods_SandApp.framework in Frameworks */ = {isa = PBXBuildFile; fileRef = D7428E425BBFC0C26A674594 /* Pods_SandApp.framework */; };
		D6E6F7C8224535C800343DE5 /* AppDelegate.swift in Sources */ = {isa = PBXBuildFile; fileRef = D6E6F7C7224535C800343DE5 /* AppDelegate.swift */; };
		D6E6F7CA224535C800343DE5 /* WeatherForecastVC.swift in Sources */ = {isa = PBXBuildFile; fileRef = D6E6F7C9224535C800343DE5 /* WeatherForecastVC.swift */; };
		D6E6F7CD224535C800343DE5 /* Main.storyboard in Resources */ = {isa = PBXBuildFile; fileRef = D6E6F7CB224535C800343DE5 /* Main.storyboard */; };
		D6E6F7CF224535CA00343DE5 /* Assets.xcassets in Resources */ = {isa = PBXBuildFile; fileRef = D6E6F7CE224535CA00343DE5 /* Assets.xcassets */; };
		D6E6F7D2224535CA00343DE5 /* LaunchScreen.storyboard in Resources */ = {isa = PBXBuildFile; fileRef = D6E6F7D0224535CA00343DE5 /* LaunchScreen.storyboard */; };
		D6E6F7DD2245362200343DE5 /* WeatherDataModel.swift in Sources */ = {isa = PBXBuildFile; fileRef = D6E6F7DC2245362200343DE5 /* WeatherDataModel.swift */; };
		D6E6F7DF224536E600343DE5 /* ChangeCityVC.swift in Sources */ = {isa = PBXBuildFile; fileRef = D6E6F7DE224536E600343DE5 /* ChangeCityVC.swift */; };
/* End PBXBuildFile section */

/* Begin PBXFileReference section */
		5AB747A2608D07D5AC92DB1F /* Pods-SandApp.release.xcconfig */ = {isa = PBXFileReference; includeInIndex = 1; lastKnownFileType = text.xcconfig; name = "Pods-SandApp.release.xcconfig"; path = "Pods/Target Support Files/Pods-SandApp/Pods-SandApp.release.xcconfig"; sourceTree = "<group>"; };
		6DFA9B431C47A4E004295D94 /* Pods-SandApp.debug.xcconfig */ = {isa = PBXFileReference; includeInIndex = 1; lastKnownFileType = text.xcconfig; name = "Pods-SandApp.debug.xcconfig"; path = "Pods/Target Support Files/Pods-SandApp/Pods-SandApp.debug.xcconfig"; sourceTree = "<group>"; };
		D6E6F7C4224535C800343DE5 /* SandApp.app */ = {isa = PBXFileReference; explicitFileType = wrapper.application; includeInIndex = 0; path = SandApp.app; sourceTree = BUILT_PRODUCTS_DIR; };
		D6E6F7C7224535C800343DE5 /* AppDelegate.swift */ = {isa = PBXFileReference; lastKnownFileType = sourcecode.swift; path = AppDelegate.swift; sourceTree = "<group>"; };
		D6E6F7C9224535C800343DE5 /* WeatherForecastVC.swift */ = {isa = PBXFileReference; lastKnownFileType = sourcecode.swift; path = WeatherForecastVC.swift; sourceTree = "<group>"; };
		D6E6F7CC224535C800343DE5 /* Base */ = {isa = PBXFileReference; lastKnownFileType = file.storyboard; name = Base; path = Base.lproj/Main.storyboard; sourceTree = "<group>"; };
		D6E6F7CE224535CA00343DE5 /* Assets.xcassets */ = {isa = PBXFileReference; lastKnownFileType = folder.assetcatalog; path = Assets.xcassets; sourceTree = "<group>"; };
		D6E6F7D1224535CA00343DE5 /* Base */ = {isa = PBXFileReference; lastKnownFileType = file.storyboard; name = Base; path = Base.lproj/LaunchScreen.storyboard; sourceTree = "<group>"; };
		D6E6F7D3224535CA00343DE5 /* Info.plist */ = {isa = PBXFileReference; lastKnownFileType = text.plist.xml; path = Info.plist; sourceTree = "<group>"; };
		D6E6F7DC2245362200343DE5 /* WeatherDataModel.swift */ = {isa = PBXFileReference; lastKnownFileType = sourcecode.swift; path = WeatherDataModel.swift; sourceTree = "<group>"; };
		D6E6F7DE224536E600343DE5 /* ChangeCityVC.swift */ = {isa = PBXFileReference; lastKnownFileType = sourcecode.swift; path = ChangeCityVC.swift; sourceTree = "<group>"; };
		D7428E425BBFC0C26A674594 /* Pods_SandApp.framework */ = {isa = PBXFileReference; explicitFileType = wrapper.framework; includeInIndex = 0; path = Pods_SandApp.framework; sourceTree = BUILT_PRODUCTS_DIR; };
/* End PBXFileReference section */

/* Begin PBXFrameworksBuildPhase section */
		D6E6F7C1224535C800343DE5 /* Frameworks */ = {
			isa = PBXFrameworksBuildPhase;
			buildActionMask = 2147483647;
			files = (
				B2875EC118DE17EED0EDFB4F /* Pods_SandApp.framework in Frameworks */,
			);
			runOnlyForDeploymentPostprocessing = 0;
		};
/* End PBXFrameworksBuildPhase section */

/* Begin PBXGroup section */
		128A22E4B2B94B13B2773B2F /* Pods */ = {
			isa = PBXGroup;
			children = (
				6DFA9B431C47A4E004295D94 /* Pods-SandApp.debug.xcconfig */,
				5AB747A2608D07D5AC92DB1F /* Pods-SandApp.release.xcconfig */,
			);
			name = Pods;
			sourceTree = "<group>";
		};
		372ED1D497E8C962EE1758E4 /* Frameworks */ = {
			isa = PBXGroup;
			children = (
				D7428E425BBFC0C26A674594 /* Pods_SandApp.framework */,
			);
			name = Frameworks;
			sourceTree = "<group>";
		};
		D6E6F7BB224535C800343DE5 = {
			isa = PBXGroup;
			children = (
				D6E6F7C6224535C800343DE5 /* SandApp */,
				D6E6F7C5224535C800343DE5 /* Products */,
				128A22E4B2B94B13B2773B2F /* Pods */,
				372ED1D497E8C962EE1758E4 /* Frameworks */,
			);
			sourceTree = "<group>";
		};
		D6E6F7C5224535C800343DE5 /* Products */ = {
			isa = PBXGroup;
			children = (
				D6E6F7C4224535C800343DE5 /* SandApp.app */,
			);
			name = Products;
			sourceTree = "<group>";
		};
		D6E6F7C6224535C800343DE5 /* SandApp */ = {
			isa = PBXGroup;
			children = (
				D6E6F7DB224535FE00343DE5 /* Controller */,
				D6E6F7DA224535F000343DE5 /* View */,
				D6E6F7D9224535E200343DE5 /* Model */,
				D6E6F7C7224535C800343DE5 /* AppDelegate.swift */,
				D6E6F7CE224535CA00343DE5 /* Assets.xcassets */,
				D6E6F7D0224535CA00343DE5 /* LaunchScreen.storyboard */,
				D6E6F7D3224535CA00343DE5 /* Info.plist */,
			);
			path = SandApp;
			sourceTree = "<group>";
		};
		D6E6F7D9224535E200343DE5 /* Model */ = {
			isa = PBXGroup;
			children = (
				D6E6F7DC2245362200343DE5 /* WeatherDataModel.swift */,
			);
			path = Model;
			sourceTree = "<group>";
		};
		D6E6F7DA224535F000343DE5 /* View */ = {
			isa = PBXGroup;
			children = (
				D6E6F7CB224535C800343DE5 /* Main.storyboard */,
			);
			path = View;
			sourceTree = "<group>";
		};
		D6E6F7DB224535FE00343DE5 /* Controller */ = {
			isa = PBXGroup;
			children = (
				D6E6F7C9224535C800343DE5 /* WeatherForecastVC.swift */,
				D6E6F7DE224536E600343DE5 /* ChangeCityVC.swift */,
			);
			path = Controller;
			sourceTree = "<group>";
		};
/* End PBXGroup section */

/* Begin PBXNativeTarget section */
		D6E6F7C3224535C800343DE5 /* SandApp */ = {
			isa = PBXNativeTarget;
			buildConfigurationList = D6E6F7D6224535CA00343DE5 /* Build configuration list for PBXNativeTarget "SandApp" */;
			buildPhases = (
				3190850A525109979299A5DC /* [CP] Check Pods Manifest.lock */,
				D6E6F7C0224535C800343DE5 /* Sources */,
				D6E6F7C1224535C800343DE5 /* Frameworks */,
				D6E6F7C2224535C800343DE5 /* Resources */,
				77A9E0960D0A99764CCAFB9E /* [CP] Embed Pods Frameworks */,
			);
			buildRules = (
			);
			dependencies = (
			);
			name = SandApp;
			productName = SandApp;
			productReference = D6E6F7C4224535C800343DE5 /* SandApp.app */;
			productType = "com.apple.product-type.application";
		};
/* End PBXNativeTarget section */

/* Begin PBXProject section */
		D6E6F7BC224535C800343DE5 /* Project object */ = {
			isa = PBXProject;
			attributes = {
				LastSwiftUpdateCheck = 1010;
				LastUpgradeCheck = 1010;
				ORGANIZATIONNAME = LeoChernyak;
				TargetAttributes = {
					D6E6F7C3224535C800343DE5 = {
						CreatedOnToolsVersion = 10.1;
					};
				};
			};
			buildConfigurationList = D6E6F7BF224535C800343DE5 /* Build configuration list for PBXProject "SandApp" */;
			compatibilityVersion = "Xcode 9.3";
			developmentRegion = en;
			hasScannedForEncodings = 0;
			knownRegions = (
				en,
				Base,
			);
			mainGroup = D6E6F7BB224535C800343DE5;
			productRefGroup = D6E6F7C5224535C800343DE5 /* Products */;
			projectDirPath = "";
			projectRoot = "";
			targets = (
				D6E6F7C3224535C800343DE5 /* SandApp */,
			);
		};
/* End PBXProject section */

/* Begin PBXResourcesBuildPhase section */
		D6E6F7C2224535C800343DE5 /* Resources */ = {
			isa = PBXResourcesBuildPhase;
			buildActionMask = 2147483647;
			files = (
				D6E6F7D2224535CA00343DE5 /* LaunchScreen.storyboard in Resources */,
				D6E6F7CF224535CA00343DE5 /* Assets.xcassets in Resources */,
				D6E6F7CD224535C800343DE5 /* Main.storyboard in Resources */,
			);
			runOnlyForDeploymentPostprocessing = 0;
		};
/* End PBXResourcesBuildPhase section */

/* Begin PBXShellScriptBuildPhase section */
		3190850A525109979299A5DC /* [CP] Check Pods Manifest.lock */ = {
			isa = PBXShellScriptBuildPhase;
			buildActionMask = 2147483647;
			files = (
			);
			inputPaths = (
				"${PODS_PODFILE_DIR_PATH}/Podfile.lock",
				"${PODS_ROOT}/Manifest.lock",
			);
			name = "[CP] Check Pods Manifest.lock";
			outputPaths = (
				"$(DERIVED_FILE_DIR)/Pods-SandApp-checkManifestLockResult.txt",
			);
			runOnlyForDeploymentPostprocessing = 0;
			shellPath = /bin/sh;
			shellScript = "diff \"${PODS_PODFILE_DIR_PATH}/Podfile.lock\" \"${PODS_ROOT}/Manifest.lock\" > /dev/null\nif [ $? != 0 ] ; then\n    # print error to STDERR\n    echo \"error: The sandbox is not in sync with the Podfile.lock. Run 'pod install' or update your CocoaPods installation.\" >&2\n    exit 1\nfi\n# This output is used by Xcode 'outputs' to avoid re-running this script phase.\necho \"SUCCESS\" > \"${SCRIPT_OUTPUT_FILE_0}\"\n";
			showEnvVarsInLog = 0;
		};
		77A9E0960D0A99764CCAFB9E /* [CP] Embed Pods Frameworks */ = {
			isa = PBXShellScriptBuildPhase;
			buildActionMask = 2147483647;
			files = (
			);
			inputPaths = (
				"${SRCROOT}/Pods/Target Support Files/Pods-SandApp/Pods-SandApp-frameworks.sh",
				"${BUILT_PRODUCTS_DIR}/Alamofire/Alamofire.framework",
				"${BUILT_PRODUCTS_DIR}/SwiftyJSON/SwiftyJSON.framework",
			);
			name = "[CP] Embed Pods Frameworks";
			outputPaths = (
				"${TARGET_BUILD_DIR}/${FRAMEWORKS_FOLDER_PATH}/Alamofire.framework",
				"${TARGET_BUILD_DIR}/${FRAMEWORKS_FOLDER_PATH}/SwiftyJSON.framework",
			);
			runOnlyForDeploymentPostprocessing = 0;
			shellPath = /bin/sh;
			shellScript = "\"${SRCROOT}/Pods/Target Support Files/Pods-SandApp/Pods-SandApp-frameworks.sh\"\n";
			showEnvVarsInLog = 0;
		};
/* End PBXShellScriptBuildPhase section */

/* Begin PBXSourcesBuildPhase section */
		D6E6F7C0224535C800343DE5 /* Sources */ = {
			isa = PBXSourcesBuildPhase;
			buildActionMask = 2147483647;
			files = (
				D6E6F7CA224535C800343DE5 /* WeatherForecastVC.swift in Sources */,
				D6E6F7DF224536E600343DE5 /* ChangeCityVC.swift in Sources */,
				D6E6F7C8224535C800343DE5 /* AppDelegate.swift in Sources */,
				D6E6F7DD2245362200343DE5 /* WeatherDataModel.swift in Sources */,
			);
			runOnlyForDeploymentPostprocessing = 0;
		};
/* End PBXSourcesBuildPhase section */

/* Begin PBXVariantGroup section */
		D6E6F7CB224535C800343DE5 /* Main.storyboard */ = {
			isa = PBXVariantGroup;
			children = (
				D6E6F7CC224535C800343DE5 /* Base */,
			);
			name = Main.storyboard;
			sourceTree = "<group>";
		};
		D6E6F7D0224535CA00343DE5 /* LaunchScreen.storyboard */ = {
			isa = PBXVariantGroup;
			children = (
				D6E6F7D1224535CA00343DE5 /* Base */,
			);
			name = LaunchScreen.storyboard;
			sourceTree = "<group>";
		};
/* End PBXVariantGroup section */

/* Begin XCBuildConfiguration section */
		D6E6F7D4224535CA00343DE5 /* Debug */ = {
			isa = XCBuildConfiguration;
			buildSettings = {
				ALWAYS_SEARCH_USER_PATHS = NO;
				CLANG_ANALYZER_NONNULL = YES;
				CLANG_ANALYZER_NUMBER_OBJECT_CONVERSION = YES_AGGRESSIVE;
				CLANG_CXX_LANGUAGE_STANDARD = "gnu++14";
				CLANG_CXX_LIBRARY = "libc++";
				CLANG_ENABLE_MODULES = YES;
				CLANG_ENABLE_OBJC_ARC = YES;
				CLANG_ENABLE_OBJC_WEAK = YES;
				CLANG_WARN_BLOCK_CAPTURE_AUTORELEASING = YES;
				CLANG_WARN_BOOL_CONVERSION = YES;
				CLANG_WARN_COMMA = YES;
				CLANG_WARN_CONSTANT_CONVERSION = YES;
				CLANG_WARN_DEPRECATED_OBJC_IMPLEMENTATIONS = YES;
				CLANG_WARN_DIRECT_OBJC_ISA_USAGE = YES_ERROR;
				CLANG_WARN_DOCUMENTATION_COMMENTS = YES;
				CLANG_WARN_EMPTY_BODY = YES;
				CLANG_WARN_ENUM_CONVERSION = YES;
				CLANG_WARN_INFINITE_RECURSION = YES;
				CLANG_WARN_INT_CONVERSION = YES;
				CLANG_WARN_NON_LITERAL_NULL_CONVERSION = YES;
				CLANG_WARN_OBJC_IMPLICIT_RETAIN_SELF = YES;
				CLANG_WARN_OBJC_LITERAL_CONVERSION = YES;
				CLANG_WARN_OBJC_ROOT_CLASS = YES_ERROR;
				CLANG_WARN_RANGE_LOOP_ANALYSIS = YES;
				CLANG_WARN_STRICT_PROTOTYPES = YES;
				CLANG_WARN_SUSPICIOUS_MOVE = YES;
				CLANG_WARN_UNGUARDED_AVAILABILITY = YES_AGGRESSIVE;
				CLANG_WARN_UNREACHABLE_CODE = YES;
				CLANG_WARN__DUPLICATE_METHOD_MATCH = YES;
				CODE_SIGN_IDENTITY = "iPhone Developer";
				COPY_PHASE_STRIP = NO;
				DEBUG_INFORMATION_FORMAT = dwarf;
				ENABLE_STRICT_OBJC_MSGSEND = YES;
				ENABLE_TESTABILITY = YES;
				GCC_C_LANGUAGE_STANDARD = gnu11;
				GCC_DYNAMIC_NO_PIC = NO;
				GCC_NO_COMMON_BLOCKS = YES;
				GCC_OPTIMIZATION_LEVEL = 0;
				GCC_PREPROCESSOR_DEFINITIONS = (
					"DEBUG=1",
					"$(inherited)",
				);
				GCC_WARN_64_TO_32_BIT_CONVERSION = YES;
				GCC_WARN_ABOUT_RETURN_TYPE = YES_ERROR;
				GCC_WARN_UNDECLARED_SELECTOR = YES;
				GCC_WARN_UNINITIALIZED_AUTOS = YES_AGGRESSIVE;
				GCC_WARN_UNUSED_FUNCTION = YES;
				GCC_WARN_UNUSED_VARIABLE = YES;
				IPHONEOS_DEPLOYMENT_TARGET = 12.1;
				MTL_ENABLE_DEBUG_INFO = INCLUDE_SOURCE;
				MTL_FAST_MATH = YES;
				ONLY_ACTIVE_ARCH = YES;
				SDKROOT = iphoneos;
				SWIFT_ACTIVE_COMPILATION_CONDITIONS = DEBUG;
				SWIFT_OPTIMIZATION_LEVEL = "-Onone";
			};
			name = Debug;
		};
		D6E6F7D5224535CA00343DE5 /* Release */ = {
			isa = XCBuildConfiguration;
			buildSettings = {
				ALWAYS_SEARCH_USER_PATHS = NO;
				CLANG_ANALYZER_NONNULL = YES;
				CLANG_ANALYZER_NUMBER_OBJECT_CONVERSION = YES_AGGRESSIVE;
				CLANG_CXX_LANGUAGE_STANDARD = "gnu++14";
				CLANG_CXX_LIBRARY = "libc++";
				CLANG_ENABLE_MODULES = YES;
				CLANG_ENABLE_OBJC_ARC = YES;
				CLANG_ENABLE_OBJC_WEAK = YES;
				CLANG_WARN_BLOCK_CAPTURE_AUTORELEASING = YES;
				CLANG_WARN_BOOL_CONVERSION = YES;
				CLANG_WARN_COMMA = YES;
				CLANG_WARN_CONSTANT_CONVERSION = YES;
				CLANG_WARN_DEPRECATED_OBJC_IMPLEMENTATIONS = YES;
				CLANG_WARN_DIRECT_OBJC_ISA_USAGE = YES_ERROR;
				CLANG_WARN_DOCUMENTATION_COMMENTS = YES;
				CLANG_WARN_EMPTY_BODY = YES;
				CLANG_WARN_ENUM_CONVERSION = YES;
				CLANG_WARN_INFINITE_RECURSION = YES;
				CLANG_WARN_INT_CONVERSION = YES;
				CLANG_WARN_NON_LITERAL_NULL_CONVERSION = YES;
				CLANG_WARN_OBJC_IMPLICIT_RETAIN_SELF = YES;
				CLANG_WARN_OBJC_LITERAL_CONVERSION = YES;
				CLANG_WARN_OBJC_ROOT_CLASS = YES_ERROR;
				CLANG_WARN_RANGE_LOOP_ANALYSIS = YES;
				CLANG_WARN_STRICT_PROTOTYPES = YES;
				CLANG_WARN_SUSPICIOUS_MOVE = YES;
				CLANG_WARN_UNGUARDED_AVAILABILITY = YES_AGGRESSIVE;
				CLANG_WARN_UNREACHABLE_CODE = YES;
				CLANG_WARN__DUPLICATE_METHOD_MATCH = YES;
				CODE_SIGN_IDENTITY = "iPhone Developer";
				COPY_PHASE_STRIP = NO;
				DEBUG_INFORMATION_FORMAT = "dwarf-with-dsym";
				ENABLE_NS_ASSERTIONS = NO;
				ENABLE_STRICT_OBJC_MSGSEND = YES;
				GCC_C_LANGUAGE_STANDARD = gnu11;
				GCC_NO_COMMON_BLOCKS = YES;
				GCC_WARN_64_TO_32_BIT_CONVERSION = YES;
				GCC_WARN_ABOUT_RETURN_TYPE = YES_ERROR;
				GCC_WARN_UNDECLARED_SELECTOR = YES;
				GCC_WARN_UNINITIALIZED_AUTOS = YES_AGGRESSIVE;
				GCC_WARN_UNUSED_FUNCTION = YES;
				GCC_WARN_UNUSED_VARIABLE = YES;
				IPHONEOS_DEPLOYMENT_TARGET = 12.1;
				MTL_ENABLE_DEBUG_INFO = NO;
				MTL_FAST_MATH = YES;
				SDKROOT = iphoneos;
				SWIFT_COMPILATION_MODE = wholemodule;
				SWIFT_OPTIMIZATION_LEVEL = "-O";
				VALIDATE_PRODUCT = YES;
			};
			name = Release;
		};
		D6E6F7D7224535CA00343DE5 /* Debug */ = {
			isa = XCBuildConfiguration;
			baseConfigurationReference = 6DFA9B431C47A4E004295D94 /* Pods-SandApp.debug.xcconfig */;
			buildSettings = {
				CODE_SIGN_STYLE = Automatic;
				DEVELOPMENT_TEAM = 688N44G535;
				INFOPLIST_FILE = SandApp/Info.plist;
				LD_RUNPATH_SEARCH_PATHS = (
					"$(inherited)",
					"@executable_path/Frameworks",
				);
				PRODUCT_BUNDLE_IDENTIFIER = LevCherniak.SandApp;
				PRODUCT_NAME = "$(TARGET_NAME)";
				SWIFT_VERSION = 4.2;
				TARGETED_DEVICE_FAMILY = "1,2";
			};
			name = Debug;
		};
		D6E6F7D8224535CA00343DE5 /* Release */ = {
			isa = XCBuildConfiguration;
			baseConfigurationReference = 5AB747A2608D07D5AC92DB1F /* Pods-SandApp.release.xcconfig */;
			buildSettings = {
				CODE_SIGN_STYLE = Automatic;
				DEVELOPMENT_TEAM = 688N44G535;
				INFOPLIST_FILE = SandApp/Info.plist;
				LD_RUNPATH_SEARCH_PATHS = (
					"$(inherited)",
					"@executable_path/Frameworks",
				);
				PRODUCT_BUNDLE_IDENTIFIER = LevCherniak.SandApp;
				PRODUCT_NAME = "$(TARGET_NAME)";
				SWIFT_VERSION = 4.2;
				TARGETED_DEVICE_FAMILY = "1,2";
			};
			name = Release;
		};
/* End XCBuildConfiguration section */

/* Begin XCConfigurationList section */
		D6E6F7BF224535C800343DE5 /* Build configuration list for PBXProject "SandApp" */ = {
			isa = XCConfigurationList;
			buildConfigurations = (
				D6E6F7D4224535CA00343DE5 /* Debug */,
				D6E6F7D5224535CA00343DE5 /* Release */,
			);
			defaultConfigurationIsVisible = 0;
			defaultConfigurationName = Release;
		};
		D6E6F7D6224535CA00343DE5 /* Build configuration list for PBXNativeTarget "SandApp" */ = {
			isa = XCConfigurationList;
			buildConfigurations = (
				D6E6F7D7224535CA00343DE5 /* Debug */,
				D6E6F7D8224535CA00343DE5 /* Release */,
			);
			defaultConfigurationIsVisible = 0;
			defaultConfigurationName = Release;
		};
/* End XCConfigurationList section */
	};
	rootObject = D6E6F7BC224535C800343DE5 /* Project object */;
}
