// !$*UTF8*$!
{
	archiveVersion = 1;
	classes = {
	};
	objectVersion = 50;
	objects = {

/* Begin PBXBuildFile section */
		CC53B66C76160BC52735B15B /* Pods_BitCoinConverter.framework in Frameworks */ = {isa = PBXBuildFile; fileRef = AEEA005502C55CB6C85BC5AF /* Pods_BitCoinConverter.framework */; };
		D60F50D12248D91700A705B0 /* AppDelegate.swift in Sources */ = {isa = PBXBuildFile; fileRef = D60F50D02248D91700A705B0 /* AppDelegate.swift */; };
		D60F50D32248D91700A705B0 /* ViewController.swift in Sources */ = {isa = PBXBuildFile; fileRef = D60F50D22248D91700A705B0 /* ViewController.swift */; };
		D60F50D62248D91700A705B0 /* Main.storyboard in Resources */ = {isa = PBXBuildFile; fileRef = D60F50D42248D91700A705B0 /* Main.storyboard */; };
		D60F50D82248D91900A705B0 /* Assets.xcassets in Resources */ = {isa = PBXBuildFile; fileRef = D60F50D72248D91900A705B0 /* Assets.xcassets */; };
		D60F50DB2248D91900A705B0 /* LaunchScreen.storyboard in Resources */ = {isa = PBXBuildFile; fileRef = D60F50D92248D91900A705B0 /* LaunchScreen.storyboard */; };
/* End PBXBuildFile section */

/* Begin PBXFileReference section */
		40580AD55081E1B3F47E1AC0 /* Pods-BitCoinConverter.release.xcconfig */ = {isa = PBXFileReference; includeInIndex = 1; lastKnownFileType = text.xcconfig; name = "Pods-BitCoinConverter.release.xcconfig"; path = "Pods/Target Support Files/Pods-BitCoinConverter/Pods-BitCoinConverter.release.xcconfig"; sourceTree = "<group>"; };
		432036856A0187A21414D979 /* Pods-BitCoinConverter.debug.xcconfig */ = {isa = PBXFileReference; includeInIndex = 1; lastKnownFileType = text.xcconfig; name = "Pods-BitCoinConverter.debug.xcconfig"; path = "Pods/Target Support Files/Pods-BitCoinConverter/Pods-BitCoinConverter.debug.xcconfig"; sourceTree = "<group>"; };
		AEEA005502C55CB6C85BC5AF /* Pods_BitCoinConverter.framework */ = {isa = PBXFileReference; explicitFileType = wrapper.framework; includeInIndex = 0; path = Pods_BitCoinConverter.framework; sourceTree = BUILT_PRODUCTS_DIR; };
		D60F50CD2248D91700A705B0 /* BitCoinConverter.app */ = {isa = PBXFileReference; explicitFileType = wrapper.application; includeInIndex = 0; path = BitCoinConverter.app; sourceTree = BUILT_PRODUCTS_DIR; };
		D60F50D02248D91700A705B0 /* AppDelegate.swift */ = {isa = PBXFileReference; lastKnownFileType = sourcecode.swift; path = AppDelegate.swift; sourceTree = "<group>"; };
		D60F50D22248D91700A705B0 /* ViewController.swift */ = {isa = PBXFileReference; lastKnownFileType = sourcecode.swift; path = ViewController.swift; sourceTree = "<group>"; };
		D60F50D52248D91700A705B0 /* Base */ = {isa = PBXFileReference; lastKnownFileType = file.storyboard; name = Base; path = Base.lproj/Main.storyboard; sourceTree = "<group>"; };
		D60F50D72248D91900A705B0 /* Assets.xcassets */ = {isa = PBXFileReference; lastKnownFileType = folder.assetcatalog; path = Assets.xcassets; sourceTree = "<group>"; };
		D60F50DA2248D91900A705B0 /* Base */ = {isa = PBXFileReference; lastKnownFileType = file.storyboard; name = Base; path = Base.lproj/LaunchScreen.storyboard; sourceTree = "<group>"; };
		D60F50DC2248D91900A705B0 /* Info.plist */ = {isa = PBXFileReference; lastKnownFileType = text.plist.xml; path = Info.plist; sourceTree = "<group>"; };
/* End PBXFileReference section */

/* Begin PBXFrameworksBuildPhase section */
		D60F50CA2248D91700A705B0 /* Frameworks */ = {
			isa = PBXFrameworksBuildPhase;
			buildActionMask = 2147483647;
			files = (
				CC53B66C76160BC52735B15B /* Pods_BitCoinConverter.framework in Frameworks */,
			);
			runOnlyForDeploymentPostprocessing = 0;
		};
/* End PBXFrameworksBuildPhase section */

/* Begin PBXGroup section */
		5EFDE0DF95DE21ED2181BC85 /* Pods */ = {
			isa = PBXGroup;
			children = (
				432036856A0187A21414D979 /* Pods-BitCoinConverter.debug.xcconfig */,
				40580AD55081E1B3F47E1AC0 /* Pods-BitCoinConverter.release.xcconfig */,
			);
			name = Pods;
			sourceTree = "<group>";
		};
		D60F50C42248D91700A705B0 = {
			isa = PBXGroup;
			children = (
				D60F50CF2248D91700A705B0 /* BitCoinConverter */,
				D60F50CE2248D91700A705B0 /* Products */,
				5EFDE0DF95DE21ED2181BC85 /* Pods */,
				FE3F2ADD30840B5BE6A3B005 /* Frameworks */,
			);
			sourceTree = "<group>";
		};
		D60F50CE2248D91700A705B0 /* Products */ = {
			isa = PBXGroup;
			children = (
				D60F50CD2248D91700A705B0 /* BitCoinConverter.app */,
			);
			name = Products;
			sourceTree = "<group>";
		};
		D60F50CF2248D91700A705B0 /* BitCoinConverter */ = {
			isa = PBXGroup;
			children = (
				D60F50D02248D91700A705B0 /* AppDelegate.swift */,
				D60F50D22248D91700A705B0 /* ViewController.swift */,
				D60F50D42248D91700A705B0 /* Main.storyboard */,
				D60F50D72248D91900A705B0 /* Assets.xcassets */,
				D60F50D92248D91900A705B0 /* LaunchScreen.storyboard */,
				D60F50DC2248D91900A705B0 /* Info.plist */,
			);
			path = BitCoinConverter;
			sourceTree = "<group>";
		};
		FE3F2ADD30840B5BE6A3B005 /* Frameworks */ = {
			isa = PBXGroup;
			children = (
				AEEA005502C55CB6C85BC5AF /* Pods_BitCoinConverter.framework */,
			);
			name = Frameworks;
			sourceTree = "<group>";
		};
/* End PBXGroup section */

/* Begin PBXNativeTarget section */
		D60F50CC2248D91700A705B0 /* BitCoinConverter */ = {
			isa = PBXNativeTarget;
			buildConfigurationList = D60F50DF2248D91900A705B0 /* Build configuration list for PBXNativeTarget "BitCoinConverter" */;
			buildPhases = (
				8A4FE7A4BFC38409ABBD2011 /* [CP] Check Pods Manifest.lock */,
				D60F50C92248D91700A705B0 /* Sources */,
				D60F50CA2248D91700A705B0 /* Frameworks */,
				D60F50CB2248D91700A705B0 /* Resources */,
				6C7411052C4C7E7E6C3A5990 /* [CP] Embed Pods Frameworks */,
			);
			buildRules = (
			);
			dependencies = (
			);
			name = BitCoinConverter;
			productName = BitCoinConverter;
			productReference = D60F50CD2248D91700A705B0 /* BitCoinConverter.app */;
			productType = "com.apple.product-type.application";
		};
/* End PBXNativeTarget section */

/* Begin PBXProject section */
		D60F50C52248D91700A705B0 /* Project object */ = {
			isa = PBXProject;
			attributes = {
				LastSwiftUpdateCheck = 1010;
				LastUpgradeCheck = 1010;
				ORGANIZATIONNAME = LeoChernyak;
				TargetAttributes = {
					D60F50CC2248D91700A705B0 = {
						CreatedOnToolsVersion = 10.1;
					};
				};
			};
			buildConfigurationList = D60F50C82248D91700A705B0 /* Build configuration list for PBXProject "BitCoinConverter" */;
			compatibilityVersion = "Xcode 9.3";
			developmentRegion = en;
			hasScannedForEncodings = 0;
			knownRegions = (
				en,
				Base,
			);
			mainGroup = D60F50C42248D91700A705B0;
			productRefGroup = D60F50CE2248D91700A705B0 /* Products */;
			projectDirPath = "";
			projectRoot = "";
			targets = (
				D60F50CC2248D91700A705B0 /* BitCoinConverter */,
			);
		};
/* End PBXProject section */

/* Begin PBXResourcesBuildPhase section */
		D60F50CB2248D91700A705B0 /* Resources */ = {
			isa = PBXResourcesBuildPhase;
			buildActionMask = 2147483647;
			files = (
				D60F50DB2248D91900A705B0 /* LaunchScreen.storyboard in Resources */,
				D60F50D82248D91900A705B0 /* Assets.xcassets in Resources */,
				D60F50D62248D91700A705B0 /* Main.storyboard in Resources */,
			);
			runOnlyForDeploymentPostprocessing = 0;
		};
/* End PBXResourcesBuildPhase section */

/* Begin PBXShellScriptBuildPhase section */
		6C7411052C4C7E7E6C3A5990 /* [CP] Embed Pods Frameworks */ = {
			isa = PBXShellScriptBuildPhase;
			buildActionMask = 2147483647;
			files = (
			);
			inputPaths = (
				"${SRCROOT}/Pods/Target Support Files/Pods-BitCoinConverter/Pods-BitCoinConverter-frameworks.sh",
				"${BUILT_PRODUCTS_DIR}/Alamofire/Alamofire.framework",
				"${BUILT_PRODUCTS_DIR}/SwiftyJSON/SwiftyJSON.framework",
			);
			name = "[CP] Embed Pods Frameworks";
			outputPaths = (
				"${TARGET_BUILD_DIR}/${FRAMEWORKS_FOLDER_PATH}/Alamofire.framework",
				"${TARGET_BUILD_DIR}/${FRAMEWORKS_FOLDER_PATH}/SwiftyJSON.framework",
			);
			runOnlyForDeploymentPostprocessing = 0;
			shellPath = /bin/sh;
			shellScript = "\"${SRCROOT}/Pods/Target Support Files/Pods-BitCoinConverter/Pods-BitCoinConverter-frameworks.sh\"\n";
			showEnvVarsInLog = 0;
		};
		8A4FE7A4BFC38409ABBD2011 /* [CP] Check Pods Manifest.lock */ = {
			isa = PBXShellScriptBuildPhase;
			buildActionMask = 2147483647;
			files = (
			);
			inputPaths = (
				"${PODS_PODFILE_DIR_PATH}/Podfile.lock",
				"${PODS_ROOT}/Manifest.lock",
			);
			name = "[CP] Check Pods Manifest.lock";
			outputPaths = (
				"$(DERIVED_FILE_DIR)/Pods-BitCoinConverter-checkManifestLockResult.txt",
			);
			runOnlyForDeploymentPostprocessing = 0;
			shellPath = /bin/sh;
			shellScript = "diff \"${PODS_PODFILE_DIR_PATH}/Podfile.lock\" \"${PODS_ROOT}/Manifest.lock\" > /dev/null\nif [ $? != 0 ] ; then\n    # print error to STDERR\n    echo \"error: The sandbox is not in sync with the Podfile.lock. Run 'pod install' or update your CocoaPods installation.\" >&2\n    exit 1\nfi\n# This output is used by Xcode 'outputs' to avoid re-running this script phase.\necho \"SUCCESS\" > \"${SCRIPT_OUTPUT_FILE_0}\"\n";
			showEnvVarsInLog = 0;
		};
/* End PBXShellScriptBuildPhase section */

/* Begin PBXSourcesBuildPhase section */
		D60F50C92248D91700A705B0 /* Sources */ = {
			isa = PBXSourcesBuildPhase;
			buildActionMask = 2147483647;
			files = (
				D60F50D32248D91700A705B0 /* ViewController.swift in Sources */,
				D60F50D12248D91700A705B0 /* AppDelegate.swift in Sources */,
			);
			runOnlyForDeploymentPostprocessing = 0;
		};
/* End PBXSourcesBuildPhase section */

/* Begin PBXVariantGroup section */
		D60F50D42248D91700A705B0 /* Main.storyboard */ = {
			isa = PBXVariantGroup;
			children = (
				D60F50D52248D91700A705B0 /* Base */,
			);
			name = Main.storyboard;
			sourceTree = "<group>";
		};
		D60F50D92248D91900A705B0 /* LaunchScreen.storyboard */ = {
			isa = PBXVariantGroup;
			children = (
				D60F50DA2248D91900A705B0 /* Base */,
			);
			name = LaunchScreen.storyboard;
			sourceTree = "<group>";
		};
/* End PBXVariantGroup section */

/* Begin XCBuildConfiguration section */
		D60F50DD2248D91900A705B0 /* Debug */ = {
			isa = XCBuildConfiguration;
			buildSettings = {
				ALWAYS_SEARCH_USER_PATHS = NO;
				CLANG_ANALYZER_NONNULL = YES;
				CLANG_ANALYZER_NUMBER_OBJECT_CONVERSION = YES_AGGRESSIVE;
				CLANG_CXX_LANGUAGE_STANDARD = "gnu++14";
				CLANG_CXX_LIBRARY = "libc++";
				CLANG_ENABLE_MODULES = YES;
				CLANG_ENABLE_OBJC_ARC = YES;
				CLANG_ENABLE_OBJC_WEAK = YES;
				CLANG_WARN_BLOCK_CAPTURE_AUTORELEASING = YES;
				CLANG_WARN_BOOL_CONVERSION = YES;
				CLANG_WARN_COMMA = YES;
				CLANG_WARN_CONSTANT_CONVERSION = YES;
				CLANG_WARN_DEPRECATED_OBJC_IMPLEMENTATIONS = YES;
				CLANG_WARN_DIRECT_OBJC_ISA_USAGE = YES_ERROR;
				CLANG_WARN_DOCUMENTATION_COMMENTS = YES;
				CLANG_WARN_EMPTY_BODY = YES;
				CLANG_WARN_ENUM_CONVERSION = YES;
				CLANG_WARN_INFINITE_RECURSION = YES;
				CLANG_WARN_INT_CONVERSION = YES;
				CLANG_WARN_NON_LITERAL_NULL_CONVERSION = YES;
				CLANG_WARN_OBJC_IMPLICIT_RETAIN_SELF = YES;
				CLANG_WARN_OBJC_LITERAL_CONVERSION = YES;
				CLANG_WARN_OBJC_ROOT_CLASS = YES_ERROR;
				CLANG_WARN_RANGE_LOOP_ANALYSIS = YES;
				CLANG_WARN_STRICT_PROTOTYPES = YES;
				CLANG_WARN_SUSPICIOUS_MOVE = YES;
				CLANG_WARN_UNGUARDED_AVAILABILITY = YES_AGGRESSIVE;
				CLANG_WARN_UNREACHABLE_CODE = YES;
				CLANG_WARN__DUPLICATE_METHOD_MATCH = YES;
				CODE_SIGN_IDENTITY = "iPhone Developer";
				COPY_PHASE_STRIP = NO;
				DEBUG_INFORMATION_FORMAT = dwarf;
				ENABLE_STRICT_OBJC_MSGSEND = YES;
				ENABLE_TESTABILITY = YES;
				GCC_C_LANGUAGE_STANDARD = gnu11;
				GCC_DYNAMIC_NO_PIC = NO;
				GCC_NO_COMMON_BLOCKS = YES;
				GCC_OPTIMIZATION_LEVEL = 0;
				GCC_PREPROCESSOR_DEFINITIONS = (
					"DEBUG=1",
					"$(inherited)",
				);
				GCC_WARN_64_TO_32_BIT_CONVERSION = YES;
				GCC_WARN_ABOUT_RETURN_TYPE = YES_ERROR;
				GCC_WARN_UNDECLARED_SELECTOR = YES;
				GCC_WARN_UNINITIALIZED_AUTOS = YES_AGGRESSIVE;
				GCC_WARN_UNUSED_FUNCTION = YES;
				GCC_WARN_UNUSED_VARIABLE = YES;
				IPHONEOS_DEPLOYMENT_TARGET = 12.1;
				MTL_ENABLE_DEBUG_INFO = INCLUDE_SOURCE;
				MTL_FAST_MATH = YES;
				ONLY_ACTIVE_ARCH = YES;
				SDKROOT = iphoneos;
				SWIFT_ACTIVE_COMPILATION_CONDITIONS = DEBUG;
				SWIFT_OPTIMIZATION_LEVEL = "-Onone";
			};
			name = Debug;
		};
		D60F50DE2248D91900A705B0 /* Release */ = {
			isa = XCBuildConfiguration;
			buildSettings = {
				ALWAYS_SEARCH_USER_PATHS = NO;
				CLANG_ANALYZER_NONNULL = YES;
				CLANG_ANALYZER_NUMBER_OBJECT_CONVERSION = YES_AGGRESSIVE;
				CLANG_CXX_LANGUAGE_STANDARD = "gnu++14";
				CLANG_CXX_LIBRARY = "libc++";
				CLANG_ENABLE_MODULES = YES;
				CLANG_ENABLE_OBJC_ARC = YES;
				CLANG_ENABLE_OBJC_WEAK = YES;
				CLANG_WARN_BLOCK_CAPTURE_AUTORELEASING = YES;
				CLANG_WARN_BOOL_CONVERSION = YES;
				CLANG_WARN_COMMA = YES;
				CLANG_WARN_CONSTANT_CONVERSION = YES;
				CLANG_WARN_DEPRECATED_OBJC_IMPLEMENTATIONS = YES;
				CLANG_WARN_DIRECT_OBJC_ISA_USAGE = YES_ERROR;
				CLANG_WARN_DOCUMENTATION_COMMENTS = YES;
				CLANG_WARN_EMPTY_BODY = YES;
				CLANG_WARN_ENUM_CONVERSION = YES;
				CLANG_WARN_INFINITE_RECURSION = YES;
				CLANG_WARN_INT_CONVERSION = YES;
				CLANG_WARN_NON_LITERAL_NULL_CONVERSION = YES;
				CLANG_WARN_OBJC_IMPLICIT_RETAIN_SELF = YES;
				CLANG_WARN_OBJC_LITERAL_CONVERSION = YES;
				CLANG_WARN_OBJC_ROOT_CLASS = YES_ERROR;
				CLANG_WARN_RANGE_LOOP_ANALYSIS = YES;
				CLANG_WARN_STRICT_PROTOTYPES = YES;
				CLANG_WARN_SUSPICIOUS_MOVE = YES;
				CLANG_WARN_UNGUARDED_AVAILABILITY = YES_AGGRESSIVE;
				CLANG_WARN_UNREACHABLE_CODE = YES;
				CLANG_WARN__DUPLICATE_METHOD_MATCH = YES;
				CODE_SIGN_IDENTITY = "iPhone Developer";
				COPY_PHASE_STRIP = NO;
				DEBUG_INFORMATION_FORMAT = "dwarf-with-dsym";
				ENABLE_NS_ASSERTIONS = NO;
				ENABLE_STRICT_OBJC_MSGSEND = YES;
				GCC_C_LANGUAGE_STANDARD = gnu11;
				GCC_NO_COMMON_BLOCKS = YES;
				GCC_WARN_64_TO_32_BIT_CONVERSION = YES;
				GCC_WARN_ABOUT_RETURN_TYPE = YES_ERROR;
				GCC_WARN_UNDECLARED_SELECTOR = YES;
				GCC_WARN_UNINITIALIZED_AUTOS = YES_AGGRESSIVE;
				GCC_WARN_UNUSED_FUNCTION = YES;
				GCC_WARN_UNUSED_VARIABLE = YES;
				IPHONEOS_DEPLOYMENT_TARGET = 12.1;
				MTL_ENABLE_DEBUG_INFO = NO;
				MTL_FAST_MATH = YES;
				SDKROOT = iphoneos;
				SWIFT_COMPILATION_MODE = wholemodule;
				SWIFT_OPTIMIZATION_LEVEL = "-O";
				VALIDATE_PRODUCT = YES;
			};
			name = Release;
		};
		D60F50E02248D91900A705B0 /* Debug */ = {
			isa = XCBuildConfiguration;
			baseConfigurationReference = 432036856A0187A21414D979 /* Pods-BitCoinConverter.debug.xcconfig */;
			buildSettings = {
				ASSETCATALOG_COMPILER_APPICON_NAME = AppIcon;
				CODE_SIGN_STYLE = Automatic;
				DEVELOPMENT_TEAM = 688N44G535;
				INFOPLIST_FILE = BitCoinConverter/Info.plist;
				LD_RUNPATH_SEARCH_PATHS = (
					"$(inherited)",
					"@executable_path/Frameworks",
				);
				PRODUCT_BUNDLE_IDENTIFIER = LevCherniak.BitCoinConverter;
				PRODUCT_NAME = "$(TARGET_NAME)";
				SWIFT_VERSION = 4.2;
				TARGETED_DEVICE_FAMILY = "1,2";
			};
			name = Debug;
		};
		D60F50E12248D91900A705B0 /* Release */ = {
			isa = XCBuildConfiguration;
			baseConfigurationReference = 40580AD55081E1B3F47E1AC0 /* Pods-BitCoinConverter.release.xcconfig */;
			buildSettings = {
				ASSETCATALOG_COMPILER_APPICON_NAME = AppIcon;
				CODE_SIGN_STYLE = Automatic;
				DEVELOPMENT_TEAM = 688N44G535;
				INFOPLIST_FILE = BitCoinConverter/Info.plist;
				LD_RUNPATH_SEARCH_PATHS = (
					"$(inherited)",
					"@executable_path/Frameworks",
				);
				PRODUCT_BUNDLE_IDENTIFIER = LevCherniak.BitCoinConverter;
				PRODUCT_NAME = "$(TARGET_NAME)";
				SWIFT_VERSION = 4.2;
				TARGETED_DEVICE_FAMILY = "1,2";
			};
			name = Release;
		};
/* End XCBuildConfiguration section */

/* Begin XCConfigurationList section */
		D60F50C82248D91700A705B0 /* Build configuration list for PBXProject "BitCoinConverter" */ = {
			isa = XCConfigurationList;
			buildConfigurations = (
				D60F50DD2248D91900A705B0 /* Debug */,
				D60F50DE2248D91900A705B0 /* Release */,
			);
			defaultConfigurationIsVisible = 0;
			defaultConfigurationName = Release;
		};
		D60F50DF2248D91900A705B0 /* Build configuration list for PBXNativeTarget "BitCoinConverter" */ = {
			isa = XCConfigurationList;
			buildConfigurations = (
				D60F50E02248D91900A705B0 /* Debug */,
				D60F50E12248D91900A705B0 /* Release */,
			);
			defaultConfigurationIsVisible = 0;
			defaultConfigurationName = Release;
		};
/* End XCConfigurationList section */
	};
	rootObject = D60F50C52248D91700A705B0 /* Project object */;
}
