// !$*UTF8*$!
{
	archiveVersion = 1;
	classes = {
	};
	objectVersion = 50;
	objects = {

/* Begin PBXBuildFile section */
		D60F50F1224CFC4D00A705B0 /* AppDelegate.swift in Sources */ = {isa = PBXBuildFile; fileRef = D60F50F0224CFC4D00A705B0 /* AppDelegate.swift */; };
		D60F50F3224CFC4D00A705B0 /* SearchViewController.swift in Sources */ = {isa = PBXBuildFile; fileRef = D60F50F2224CFC4D00A705B0 /* SearchViewController.swift */; };
		D60F50F6224CFC4D00A705B0 /* Main.storyboard in Resources */ = {isa = PBXBuildFile; fileRef = D60F50F4224CFC4D00A705B0 /* Main.storyboard */; };
		D60F50F9224CFC4D00A705B0 /* Wiki_Search.xcdatamodeld in Sources */ = {isa = PBXBuildFile; fileRef = D60F50F7224CFC4D00A705B0 /* Wiki_Search.xcdatamodeld */; };
		D60F50FB224CFC5000A705B0 /* Assets.xcassets in Resources */ = {isa = PBXBuildFile; fileRef = D60F50FA224CFC5000A705B0 /* Assets.xcassets */; };
		D60F50FE224CFC5000A705B0 /* LaunchScreen.storyboard in Resources */ = {isa = PBXBuildFile; fileRef = D60F50FC224CFC5000A705B0 /* LaunchScreen.storyboard */; };
		D60F5109224CFD2F00A705B0 /* ResultViewController.swift in Sources */ = {isa = PBXBuildFile; fileRef = D60F5108224CFD2F00A705B0 /* ResultViewController.swift */; };
		D60F510B224CFD8C00A705B0 /* DataModel.swift in Sources */ = {isa = PBXBuildFile; fileRef = D60F510A224CFD8C00A705B0 /* DataModel.swift */; };
		D963DEF124496ED6753F3696 /* Pods_Wiki_Search.framework in Frameworks */ = {isa = PBXBuildFile; fileRef = 677F8BE2AABEB824CE442386 /* Pods_Wiki_Search.framework */; };
/* End PBXBuildFile section */

/* Begin PBXFileReference section */
		677F8BE2AABEB824CE442386 /* Pods_Wiki_Search.framework */ = {isa = PBXFileReference; explicitFileType = wrapper.framework; includeInIndex = 0; path = Pods_Wiki_Search.framework; sourceTree = BUILT_PRODUCTS_DIR; };
		C0A9D650074963F02ABEBA9F /* Pods-Wiki-Search.debug.xcconfig */ = {isa = PBXFileReference; includeInIndex = 1; lastKnownFileType = text.xcconfig; name = "Pods-Wiki-Search.debug.xcconfig"; path = "Pods/Target Support Files/Pods-Wiki-Search/Pods-Wiki-Search.debug.xcconfig"; sourceTree = "<group>"; };
		D60F50ED224CFC4D00A705B0 /* Wiki-Search.app */ = {isa = PBXFileReference; explicitFileType = wrapper.application; includeInIndex = 0; path = "Wiki-Search.app"; sourceTree = BUILT_PRODUCTS_DIR; };
		D60F50F0224CFC4D00A705B0 /* AppDelegate.swift */ = {isa = PBXFileReference; lastKnownFileType = sourcecode.swift; path = AppDelegate.swift; sourceTree = "<group>"; };
		D60F50F2224CFC4D00A705B0 /* SearchViewController.swift */ = {isa = PBXFileReference; lastKnownFileType = sourcecode.swift; path = SearchViewController.swift; sourceTree = "<group>"; };
		D60F50F5224CFC4D00A705B0 /* Base */ = {isa = PBXFileReference; lastKnownFileType = file.storyboard; name = Base; path = Base.lproj/Main.storyboard; sourceTree = "<group>"; };
		D60F50F8224CFC4D00A705B0 /* Wiki_Search.xcdatamodel */ = {isa = PBXFileReference; lastKnownFileType = wrapper.xcdatamodel; path = Wiki_Search.xcdatamodel; sourceTree = "<group>"; };
		D60F50FA224CFC5000A705B0 /* Assets.xcassets */ = {isa = PBXFileReference; lastKnownFileType = folder.assetcatalog; path = Assets.xcassets; sourceTree = "<group>"; };
		D60F50FD224CFC5000A705B0 /* Base */ = {isa = PBXFileReference; lastKnownFileType = file.storyboard; name = Base; path = Base.lproj/LaunchScreen.storyboard; sourceTree = "<group>"; };
		D60F50FF224CFC5000A705B0 /* Info.plist */ = {isa = PBXFileReference; lastKnownFileType = text.plist.xml; path = Info.plist; sourceTree = "<group>"; };
		D60F5108224CFD2F00A705B0 /* ResultViewController.swift */ = {isa = PBXFileReference; lastKnownFileType = sourcecode.swift; path = ResultViewController.swift; sourceTree = "<group>"; };
		D60F510A224CFD8C00A705B0 /* DataModel.swift */ = {isa = PBXFileReference; lastKnownFileType = sourcecode.swift; path = DataModel.swift; sourceTree = "<group>"; };
		FDFB4D3C115E714865FD4988 /* Pods-Wiki-Search.release.xcconfig */ = {isa = PBXFileReference; includeInIndex = 1; lastKnownFileType = text.xcconfig; name = "Pods-Wiki-Search.release.xcconfig"; path = "Pods/Target Support Files/Pods-Wiki-Search/Pods-Wiki-Search.release.xcconfig"; sourceTree = "<group>"; };
/* End PBXFileReference section */

/* Begin PBXFrameworksBuildPhase section */
		D60F50EA224CFC4D00A705B0 /* Frameworks */ = {
			isa = PBXFrameworksBuildPhase;
			buildActionMask = 2147483647;
			files = (
				D963DEF124496ED6753F3696 /* Pods_Wiki_Search.framework in Frameworks */,
			);
			runOnlyForDeploymentPostprocessing = 0;
		};
/* End PBXFrameworksBuildPhase section */

/* Begin PBXGroup section */
		208B98D0B24CA8D0EC01593C /* Pods */ = {
			isa = PBXGroup;
			children = (
				C0A9D650074963F02ABEBA9F /* Pods-Wiki-Search.debug.xcconfig */,
				FDFB4D3C115E714865FD4988 /* Pods-Wiki-Search.release.xcconfig */,
			);
			name = Pods;
			sourceTree = "<group>";
		};
		6CF54F0B6CA9DAD6661F1AB9 /* Frameworks */ = {
			isa = PBXGroup;
			children = (
				677F8BE2AABEB824CE442386 /* Pods_Wiki_Search.framework */,
			);
			name = Frameworks;
			sourceTree = "<group>";
		};
		D60F50E4224CFC4D00A705B0 = {
			isa = PBXGroup;
			children = (
				D60F50EF224CFC4D00A705B0 /* Wiki-Search */,
				D60F50EE224CFC4D00A705B0 /* Products */,
				208B98D0B24CA8D0EC01593C /* Pods */,
				6CF54F0B6CA9DAD6661F1AB9 /* Frameworks */,
			);
			sourceTree = "<group>";
		};
		D60F50EE224CFC4D00A705B0 /* Products */ = {
			isa = PBXGroup;
			children = (
				D60F50ED224CFC4D00A705B0 /* Wiki-Search.app */,
			);
			name = Products;
			sourceTree = "<group>";
		};
		D60F50EF224CFC4D00A705B0 /* Wiki-Search */ = {
			isa = PBXGroup;
			children = (
				D60F5107224CFCB600A705B0 /* Controller */,
				D60F5106224CFCAA00A705B0 /* View */,
				D60F5105224CFC9100A705B0 /* Model */,
				D60F50FA224CFC5000A705B0 /* Assets.xcassets */,
				D60F50FC224CFC5000A705B0 /* LaunchScreen.storyboard */,
				D60F50FF224CFC5000A705B0 /* Info.plist */,
				D60F50F7224CFC4D00A705B0 /* Wiki_Search.xcdatamodeld */,
			);
			path = "Wiki-Search";
			sourceTree = "<group>";
		};
		D60F5105224CFC9100A705B0 /* Model */ = {
			isa = PBXGroup;
			children = (
				D60F510A224CFD8C00A705B0 /* DataModel.swift */,
			);
			path = Model;
			sourceTree = "<group>";
		};
		D60F5106224CFCAA00A705B0 /* View */ = {
			isa = PBXGroup;
			children = (
				D60F50F4224CFC4D00A705B0 /* Main.storyboard */,
				D60F50F0224CFC4D00A705B0 /* AppDelegate.swift */,
			);
			path = View;
			sourceTree = "<group>";
		};
		D60F5107224CFCB600A705B0 /* Controller */ = {
			isa = PBXGroup;
			children = (
				D60F50F2224CFC4D00A705B0 /* SearchViewController.swift */,
				D60F5108224CFD2F00A705B0 /* ResultViewController.swift */,
			);
			path = Controller;
			sourceTree = "<group>";
		};
/* End PBXGroup section */

/* Begin PBXNativeTarget section */
		D60F50EC224CFC4D00A705B0 /* Wiki-Search */ = {
			isa = PBXNativeTarget;
			buildConfigurationList = D60F5102224CFC5000A705B0 /* Build configuration list for PBXNativeTarget "Wiki-Search" */;
			buildPhases = (
				C59EAFA9967C63EFF977906C /* [CP] Check Pods Manifest.lock */,
				D60F50E9224CFC4D00A705B0 /* Sources */,
				D60F50EA224CFC4D00A705B0 /* Frameworks */,
				D60F50EB224CFC4D00A705B0 /* Resources */,
				A2B505A5140EE71DDD953539 /* [CP] Embed Pods Frameworks */,
			);
			buildRules = (
			);
			dependencies = (
			);
			name = "Wiki-Search";
			productName = "Wiki-Search";
			productReference = D60F50ED224CFC4D00A705B0 /* Wiki-Search.app */;
			productType = "com.apple.product-type.application";
		};
/* End PBXNativeTarget section */

/* Begin PBXProject section */
		D60F50E5224CFC4D00A705B0 /* Project object */ = {
			isa = PBXProject;
			attributes = {
				LastSwiftUpdateCheck = 1010;
				LastUpgradeCheck = 1010;
				ORGANIZATIONNAME = LeoChernyak;
				TargetAttributes = {
					D60F50EC224CFC4D00A705B0 = {
						CreatedOnToolsVersion = 10.1;
					};
				};
			};
			buildConfigurationList = D60F50E8224CFC4D00A705B0 /* Build configuration list for PBXProject "Wiki-Search" */;
			compatibilityVersion = "Xcode 9.3";
			developmentRegion = en;
			hasScannedForEncodings = 0;
			knownRegions = (
				en,
				Base,
			);
			mainGroup = D60F50E4224CFC4D00A705B0;
			productRefGroup = D60F50EE224CFC4D00A705B0 /* Products */;
			projectDirPath = "";
			projectRoot = "";
			targets = (
				D60F50EC224CFC4D00A705B0 /* Wiki-Search */,
			);
		};
/* End PBXProject section */

/* Begin PBXResourcesBuildPhase section */
		D60F50EB224CFC4D00A705B0 /* Resources */ = {
			isa = PBXResourcesBuildPhase;
			buildActionMask = 2147483647;
			files = (
				D60F50FE224CFC5000A705B0 /* LaunchScreen.storyboard in Resources */,
				D60F50FB224CFC5000A705B0 /* Assets.xcassets in Resources */,
				D60F50F6224CFC4D00A705B0 /* Main.storyboard in Resources */,
			);
			runOnlyForDeploymentPostprocessing = 0;
		};
/* End PBXResourcesBuildPhase section */

/* Begin PBXShellScriptBuildPhase section */
		A2B505A5140EE71DDD953539 /* [CP] Embed Pods Frameworks */ = {
			isa = PBXShellScriptBuildPhase;
			buildActionMask = 2147483647;
			files = (
			);
			inputPaths = (
				"${SRCROOT}/Pods/Target Support Files/Pods-Wiki-Search/Pods-Wiki-Search-frameworks.sh",
				"${BUILT_PRODUCTS_DIR}/Alamofire/Alamofire.framework",
				"${BUILT_PRODUCTS_DIR}/SwiftyJSON/SwiftyJSON.framework",
			);
			name = "[CP] Embed Pods Frameworks";
			outputPaths = (
				"${TARGET_BUILD_DIR}/${FRAMEWORKS_FOLDER_PATH}/Alamofire.framework",
				"${TARGET_BUILD_DIR}/${FRAMEWORKS_FOLDER_PATH}/SwiftyJSON.framework",
			);
			runOnlyForDeploymentPostprocessing = 0;
			shellPath = /bin/sh;
			shellScript = "\"${SRCROOT}/Pods/Target Support Files/Pods-Wiki-Search/Pods-Wiki-Search-frameworks.sh\"\n";
			showEnvVarsInLog = 0;
		};
		C59EAFA9967C63EFF977906C /* [CP] Check Pods Manifest.lock */ = {
			isa = PBXShellScriptBuildPhase;
			buildActionMask = 2147483647;
			files = (
			);
			inputPaths = (
				"${PODS_PODFILE_DIR_PATH}/Podfile.lock",
				"${PODS_ROOT}/Manifest.lock",
			);
			name = "[CP] Check Pods Manifest.lock";
			outputPaths = (
				"$(DERIVED_FILE_DIR)/Pods-Wiki-Search-checkManifestLockResult.txt",
			);
			runOnlyForDeploymentPostprocessing = 0;
			shellPath = /bin/sh;
			shellScript = "diff \"${PODS_PODFILE_DIR_PATH}/Podfile.lock\" \"${PODS_ROOT}/Manifest.lock\" > /dev/null\nif [ $? != 0 ] ; then\n    # print error to STDERR\n    echo \"error: The sandbox is not in sync with the Podfile.lock. Run 'pod install' or update your CocoaPods installation.\" >&2\n    exit 1\nfi\n# This output is used by Xcode 'outputs' to avoid re-running this script phase.\necho \"SUCCESS\" > \"${SCRIPT_OUTPUT_FILE_0}\"\n";
			showEnvVarsInLog = 0;
		};
/* End PBXShellScriptBuildPhase section */

/* Begin PBXSourcesBuildPhase section */
		D60F50E9224CFC4D00A705B0 /* Sources */ = {
			isa = PBXSourcesBuildPhase;
			buildActionMask = 2147483647;
			files = (
				D60F510B224CFD8C00A705B0 /* DataModel.swift in Sources */,
				D60F5109224CFD2F00A705B0 /* ResultViewController.swift in Sources */,
				D60F50F3224CFC4D00A705B0 /* SearchViewController.swift in Sources */,
				D60F50F9224CFC4D00A705B0 /* Wiki_Search.xcdatamodeld in Sources */,
				D60F50F1224CFC4D00A705B0 /* AppDelegate.swift in Sources */,
			);
			runOnlyForDeploymentPostprocessing = 0;
		};
/* End PBXSourcesBuildPhase section */

/* Begin PBXVariantGroup section */
		D60F50F4224CFC4D00A705B0 /* Main.storyboard */ = {
			isa = PBXVariantGroup;
			children = (
				D60F50F5224CFC4D00A705B0 /* Base */,
			);
			name = Main.storyboard;
			sourceTree = "<group>";
		};
		D60F50FC224CFC5000A705B0 /* LaunchScreen.storyboard */ = {
			isa = PBXVariantGroup;
			children = (
				D60F50FD224CFC5000A705B0 /* Base */,
			);
			name = LaunchScreen.storyboard;
			sourceTree = "<group>";
		};
/* End PBXVariantGroup section */

/* Begin XCBuildConfiguration section */
		D60F5100224CFC5000A705B0 /* Debug */ = {
			isa = XCBuildConfiguration;
			buildSettings = {
				ALWAYS_SEARCH_USER_PATHS = NO;
				CLANG_ANALYZER_NONNULL = YES;
				CLANG_ANALYZER_NUMBER_OBJECT_CONVERSION = YES_AGGRESSIVE;
				CLANG_CXX_LANGUAGE_STANDARD = "gnu++14";
				CLANG_CXX_LIBRARY = "libc++";
				CLANG_ENABLE_MODULES = YES;
				CLANG_ENABLE_OBJC_ARC = YES;
				CLANG_ENABLE_OBJC_WEAK = YES;
				CLANG_WARN_BLOCK_CAPTURE_AUTORELEASING = YES;
				CLANG_WARN_BOOL_CONVERSION = YES;
				CLANG_WARN_COMMA = YES;
				CLANG_WARN_CONSTANT_CONVERSION = YES;
				CLANG_WARN_DEPRECATED_OBJC_IMPLEMENTATIONS = YES;
				CLANG_WARN_DIRECT_OBJC_ISA_USAGE = YES_ERROR;
				CLANG_WARN_DOCUMENTATION_COMMENTS = YES;
				CLANG_WARN_EMPTY_BODY = YES;
				CLANG_WARN_ENUM_CONVERSION = YES;
				CLANG_WARN_INFINITE_RECURSION = YES;
				CLANG_WARN_INT_CONVERSION = YES;
				CLANG_WARN_NON_LITERAL_NULL_CONVERSION = YES;
				CLANG_WARN_OBJC_IMPLICIT_RETAIN_SELF = YES;
				CLANG_WARN_OBJC_LITERAL_CONVERSION = YES;
				CLANG_WARN_OBJC_ROOT_CLASS = YES_ERROR;
				CLANG_WARN_RANGE_LOOP_ANALYSIS = YES;
				CLANG_WARN_STRICT_PROTOTYPES = YES;
				CLANG_WARN_SUSPICIOUS_MOVE = YES;
				CLANG_WARN_UNGUARDED_AVAILABILITY = YES_AGGRESSIVE;
				CLANG_WARN_UNREACHABLE_CODE = YES;
				CLANG_WARN__DUPLICATE_METHOD_MATCH = YES;
				CODE_SIGN_IDENTITY = "iPhone Developer";
				COPY_PHASE_STRIP = NO;
				DEBUG_INFORMATION_FORMAT = dwarf;
				ENABLE_STRICT_OBJC_MSGSEND = YES;
				ENABLE_TESTABILITY = YES;
				GCC_C_LANGUAGE_STANDARD = gnu11;
				GCC_DYNAMIC_NO_PIC = NO;
				GCC_NO_COMMON_BLOCKS = YES;
				GCC_OPTIMIZATION_LEVEL = 0;
				GCC_PREPROCESSOR_DEFINITIONS = (
					"DEBUG=1",
					"$(inherited)",
				);
				GCC_WARN_64_TO_32_BIT_CONVERSION = YES;
				GCC_WARN_ABOUT_RETURN_TYPE = YES_ERROR;
				GCC_WARN_UNDECLARED_SELECTOR = YES;
				GCC_WARN_UNINITIALIZED_AUTOS = YES_AGGRESSIVE;
				GCC_WARN_UNUSED_FUNCTION = YES;
				GCC_WARN_UNUSED_VARIABLE = YES;
				IPHONEOS_DEPLOYMENT_TARGET = 12.1;
				MTL_ENABLE_DEBUG_INFO = INCLUDE_SOURCE;
				MTL_FAST_MATH = YES;
				ONLY_ACTIVE_ARCH = YES;
				SDKROOT = iphoneos;
				SWIFT_ACTIVE_COMPILATION_CONDITIONS = DEBUG;
				SWIFT_OPTIMIZATION_LEVEL = "-Onone";
			};
			name = Debug;
		};
		D60F5101224CFC5000A705B0 /* Release */ = {
			isa = XCBuildConfiguration;
			buildSettings = {
				ALWAYS_SEARCH_USER_PATHS = NO;
				CLANG_ANALYZER_NONNULL = YES;
				CLANG_ANALYZER_NUMBER_OBJECT_CONVERSION = YES_AGGRESSIVE;
				CLANG_CXX_LANGUAGE_STANDARD = "gnu++14";
				CLANG_CXX_LIBRARY = "libc++";
				CLANG_ENABLE_MODULES = YES;
				CLANG_ENABLE_OBJC_ARC = YES;
				CLANG_ENABLE_OBJC_WEAK = YES;
				CLANG_WARN_BLOCK_CAPTURE_AUTORELEASING = YES;
				CLANG_WARN_BOOL_CONVERSION = YES;
				CLANG_WARN_COMMA = YES;
				CLANG_WARN_CONSTANT_CONVERSION = YES;
				CLANG_WARN_DEPRECATED_OBJC_IMPLEMENTATIONS = YES;
				CLANG_WARN_DIRECT_OBJC_ISA_USAGE = YES_ERROR;
				CLANG_WARN_DOCUMENTATION_COMMENTS = YES;
				CLANG_WARN_EMPTY_BODY = YES;
				CLANG_WARN_ENUM_CONVERSION = YES;
				CLANG_WARN_INFINITE_RECURSION = YES;
				CLANG_WARN_INT_CONVERSION = YES;
				CLANG_WARN_NON_LITERAL_NULL_CONVERSION = YES;
				CLANG_WARN_OBJC_IMPLICIT_RETAIN_SELF = YES;
				CLANG_WARN_OBJC_LITERAL_CONVERSION = YES;
				CLANG_WARN_OBJC_ROOT_CLASS = YES_ERROR;
				CLANG_WARN_RANGE_LOOP_ANALYSIS = YES;
				CLANG_WARN_STRICT_PROTOTYPES = YES;
				CLANG_WARN_SUSPICIOUS_MOVE = YES;
				CLANG_WARN_UNGUARDED_AVAILABILITY = YES_AGGRESSIVE;
				CLANG_WARN_UNREACHABLE_CODE = YES;
				CLANG_WARN__DUPLICATE_METHOD_MATCH = YES;
				CODE_SIGN_IDENTITY = "iPhone Developer";
				COPY_PHASE_STRIP = NO;
				DEBUG_INFORMATION_FORMAT = "dwarf-with-dsym";
				ENABLE_NS_ASSERTIONS = NO;
				ENABLE_STRICT_OBJC_MSGSEND = YES;
				GCC_C_LANGUAGE_STANDARD = gnu11;
				GCC_NO_COMMON_BLOCKS = YES;
				GCC_WARN_64_TO_32_BIT_CONVERSION = YES;
				GCC_WARN_ABOUT_RETURN_TYPE = YES_ERROR;
				GCC_WARN_UNDECLARED_SELECTOR = YES;
				GCC_WARN_UNINITIALIZED_AUTOS = YES_AGGRESSIVE;
				GCC_WARN_UNUSED_FUNCTION = YES;
				GCC_WARN_UNUSED_VARIABLE = YES;
				IPHONEOS_DEPLOYMENT_TARGET = 12.1;
				MTL_ENABLE_DEBUG_INFO = NO;
				MTL_FAST_MATH = YES;
				SDKROOT = iphoneos;
				SWIFT_COMPILATION_MODE = wholemodule;
				SWIFT_OPTIMIZATION_LEVEL = "-O";
				VALIDATE_PRODUCT = YES;
			};
			name = Release;
		};
		D60F5103224CFC5000A705B0 /* Debug */ = {
			isa = XCBuildConfiguration;
			baseConfigurationReference = C0A9D650074963F02ABEBA9F /* Pods-Wiki-Search.debug.xcconfig */;
			buildSettings = {
				ASSETCATALOG_COMPILER_APPICON_NAME = AppIcon;
				CODE_SIGN_STYLE = Automatic;
				DEVELOPMENT_TEAM = 688N44G535;
				INFOPLIST_FILE = "Wiki-Search/Info.plist";
				LD_RUNPATH_SEARCH_PATHS = (
					"$(inherited)",
					"@executable_path/Frameworks",
				);
				PRODUCT_BUNDLE_IDENTIFIER = "LevCherniak.Wiki-Search";
				PRODUCT_NAME = "$(TARGET_NAME)";
				SWIFT_VERSION = 4.2;
				TARGETED_DEVICE_FAMILY = "1,2";
			};
			name = Debug;
		};
		D60F5104224CFC5000A705B0 /* Release */ = {
			isa = XCBuildConfiguration;
			baseConfigurationReference = FDFB4D3C115E714865FD4988 /* Pods-Wiki-Search.release.xcconfig */;
			buildSettings = {
				ASSETCATALOG_COMPILER_APPICON_NAME = AppIcon;
				CODE_SIGN_STYLE = Automatic;
				DEVELOPMENT_TEAM = 688N44G535;
				INFOPLIST_FILE = "Wiki-Search/Info.plist";
				LD_RUNPATH_SEARCH_PATHS = (
					"$(inherited)",
					"@executable_path/Frameworks",
				);
				PRODUCT_BUNDLE_IDENTIFIER = "LevCherniak.Wiki-Search";
				PRODUCT_NAME = "$(TARGET_NAME)";
				SWIFT_VERSION = 4.2;
				TARGETED_DEVICE_FAMILY = "1,2";
			};
			name = Release;
		};
/* End XCBuildConfiguration section */

/* Begin XCConfigurationList section */
		D60F50E8224CFC4D00A705B0 /* Build configuration list for PBXProject "Wiki-Search" */ = {
			isa = XCConfigurationList;
			buildConfigurations = (
				D60F5100224CFC5000A705B0 /* Debug */,
				D60F5101224CFC5000A705B0 /* Release */,
			);
			defaultConfigurationIsVisible = 0;
			defaultConfigurationName = Release;
		};
		D60F5102224CFC5000A705B0 /* Build configuration list for PBXNativeTarget "Wiki-Search" */ = {
			isa = XCConfigurationList;
			buildConfigurations = (
				D60F5103224CFC5000A705B0 /* Debug */,
				D60F5104224CFC5000A705B0 /* Release */,
			);
			defaultConfigurationIsVisible = 0;
			defaultConfigurationName = Release;
		};
/* End XCConfigurationList section */

/* Begin XCVersionGroup section */
		D60F50F7224CFC4D00A705B0 /* Wiki_Search.xcdatamodeld */ = {
			isa = XCVersionGroup;
			children = (
				D60F50F8224CFC4D00A705B0 /* Wiki_Search.xcdatamodel */,
			);
			currentVersion = D60F50F8224CFC4D00A705B0 /* Wiki_Search.xcdatamodel */;
			path = Wiki_Search.xcdatamodeld;
			sourceTree = "<group>";
			versionGroupType = wrapper.xcdatamodel;
		};
/* End XCVersionGroup section */
	};
	rootObject = D60F50E5224CFC4D00A705B0 /* Project object */;
}
